
Microsoft Visual Studio Solution File, Format Version 12.00
# Visual Studio Version 17
VisualStudioVersion = 17.8.34316.72
MinimumVisualStudioVersion = 10.0.40219.1
Project("{FAE04EC0-301F-11D3-BF4B-00C04F79EFBC}") = "PROJECT_DRIVERS_LICENCE", "PROJECT_DRIVERS_LICENCE\PROJECT_DRIVERS_LICENCE.csproj", "{7321003F-98F0-443F-99AE-A60B268070C9}"
EndProject
Project("{FAE04EC0-301F-11D3-BF4B-00C04F79EFBC}") = "DataAccessDVLD", "DataAccessDVLD\DataAccessDVLD.csproj", "{2F7753B1-2416-4AEE-9C22-7EFE4B971956}"
EndProject
Project("{FAE04EC0-301F-11D3-BF4B-00C04F79EFBC}") = "BunissessLayerDVLD", "BunissessLayerDVLD\BunissessLayerDVLD.csproj", "{228423F6-C267-4714-B947-756C4CD71009}"
EndProject
Global
	GlobalSection(SolutionConfigurationPlatforms) = preSolution
		Debug|Any CPU = Debug|Any CPU
		Release|Any CPU = Release|Any CPU
	EndGlobalSection
	GlobalSection(ProjectConfigurationPlatforms) = postSolution
		{7321003F-98F0-443F-99AE-A60B268070C9}.Debug|Any CPU.ActiveCfg = Debug|Any CPU
		{7321003F-98F0-443F-99AE-A60B268070C9}.Debug|Any CPU.Build.0 = Debug|Any CPU
		{7321003F-98F0-443F-99AE-A60B268070C9}.Release|Any CPU.ActiveCfg = Release|Any CPU
		{7321003F-98F0-443F-99AE-A60B268070C9}.Release|Any CPU.Build.0 = Release|Any CPU
		{2F7753B1-2416-4AEE-9C22-7EFE4B971956}.Debug|Any CPU.ActiveCfg = Debug|Any CPU
		{2F7753B1-2416-4AEE-9C22-7EFE4B971956}.Debug|Any CPU.Build.0 = Debug|Any CPU
		{2F7753B1-2416-4AEE-9C22-7EFE4B971956}.Release|Any CPU.ActiveCfg = Release|Any CPU
		{2F7753B1-2416-4AEE-9C22-7EFE4B971956}.Release|Any CPU.Build.0 = Release|Any CPU
		{228423F6-C267-4714-B947-756C4CD71009}.Debug|Any CPU.ActiveCfg = Debug|Any CPU
		{228423F6-C267-4714-B947-756C4CD71009}.Debug|Any CPU.Build.0 = Debug|Any CPU
		{228423F6-C267-4714-B947-756C4CD71009}.Release|Any CPU.ActiveCfg = Release|Any CPU
		{228423F6-C267-4714-B947-756C4CD71009}.Release|Any CPU.Build.0 = Release|Any CPU
	EndGlobalSection
	GlobalSection(SolutionProperties) = preSolution
		HideSolutionNode = FALSE
	EndGlobalSection
	GlobalSection(ExtensibilityGlobals) = postSolution
		SolutionGuid = {6D6FAAF8-431A-4902-928A-8019FF0E2D39}
	EndGlobalSection
EndGlobal
